Microsoft Visual Studio Solution File, Format Version 12.00
# Visual Studio Version 17
VisualStudioVersion = 17.1.32328.378
MinimumVisualStudioVersion = 10.0.40219.1
Project("{9A19103F-16F7-4668-BE54-9A1E7A4F7556}") = "MoviesAPI", "MoviesAPI\MoviesAPI.csproj", "{A0F202F5-611C-4B4E-9F87-427D25AED754}"
EndProject
Project("{FAE04EC0-301F-11D3-BF4B-00C04F79EFBC}") = "MoviesAPI.Tests", "MoviesAPI.Tests\MoviesAPI.Tests.csproj", "{14076D9B-C52B-4540-8872-51CE6C7A2AF4}"
EndProject
Global
	GlobalSection(SolutionConfigurationPlatforms) = preSolution
		Debug|Any CPU = Debug|Any CPU
		Release|Any CPU = Release|Any CPU
	EndGlobalSection
	GlobalSection(ProjectConfigurationPlatforms) = postSolution
		{A0F202F5-611C-4B4E-9F87-427D25AED754}.Debug|Any CPU.ActiveCfg = Debug|Any CPU
		{A0F202F5-611C-4B4E-9F87-427D25AED754}.Debug|Any CPU.Build.0 = Debug|Any CPU
		{A0F202F5-611C-4B4E-9F87-427D25AED754}.Release|Any CPU.ActiveCfg = Release|Any CPU
		{A0F202F5-611C-4B4E-9F87-427D25AED754}.Release|Any CPU.Build.0 = Release|Any CPU
		{14076D9B-C52B-4540-8872-51CE6C7A2AF4}.Debug|Any CPU.ActiveCfg = Debug|Any CPU
		{14076D9B-C52B-4540-8872-51CE6C7A2AF4}.Debug|Any CPU.Build.0 = Debug|Any CPU
		{14076D9B-C52B-4540-8872-51CE6C7A2AF4}.Release|Any CPU.ActiveCfg = Release|Any CPU
		{14076D9B-C52B-4540-8872-51CE6C7A2AF4}.Release|Any CPU.Build.0 = Release|Any CPU
	EndGlobalSection
	GlobalSection(SolutionProperties) = preSolution
		HideSolutionNode = FALSE
	EndGlobalSection
	GlobalSection(ExtensibilityGlobals) = postSolution
		SolutionGuid = {86D4376E-8352-4785-A465-BBDB55C9F76B}
	EndGlobalSection
EndGlobal
